
Microsoft Visual Studio Solution File, Format Version 12.00
# Visual Studio Version 16
VisualStudioVersion = 16.0.29009.5
MinimumVisualStudioVersion = 15.0.26124.0
Project("{9A19103F-16F7-4668-BE54-9A1E7A4F7556}") = "DemoAPI", "src\DemoAPI.csproj", "{AC7D979C-8698-4B30-BE7A-5891E13E1FAA}"
EndProject
Global
	GlobalSection(SolutionConfigurationPlatforms) = preSolution
		Debug|Any CPU = Debug|Any CPU
		Debug|x64 = Debug|x64
		Debug|x86 = Debug|x86
		Release|Any CPU = Release|Any CPU
		Release|x64 = Release|x64
		Release|x86 = Release|x86
	EndGlobalSection
	GlobalSection(ProjectConfigurationPlatforms) = postSolution
		{AC7D979C-8698-4B30-BE7A-5891E13E1FAA}.Debug|Any CPU.ActiveCfg = Debug|Any CPU
		{AC7D979C-8698-4B30-BE7A-5891E13E1FAA}.Debug|Any CPU.Build.0 = Debug|Any CPU
		{AC7D979C-8698-4B30-BE7A-5891E13E1FAA}.Debug|x64.ActiveCfg = Debug|Any CPU
		{AC7D979C-8698-4B30-BE7A-5891E13E1FAA}.Debug|x64.Build.0 = Debug|Any CPU
		{AC7D979C-8698-4B30-BE7A-5891E13E1FAA}.Debug|x86.ActiveCfg = Debug|Any CPU
		{AC7D979C-8698-4B30-BE7A-5891E13E1FAA}.Debug|x86.Build.0 = Debug|Any CPU
		{AC7D979C-8698-4B30-BE7A-5891E13E1FAA}.Release|Any CPU.ActiveCfg = Release|Any CPU
		{AC7D979C-8698-4B30-BE7A-5891E13E1FAA}.Release|Any CPU.Build.0 = Release|Any CPU
		{AC7D979C-8698-4B30-BE7A-5891E13E1FAA}.Release|x64.ActiveCfg = Release|Any CPU
		{AC7D979C-8698-4B30-BE7A-5891E13E1FAA}.Release|x64.Build.0 = Release|Any CPU
		{AC7D979C-8698-4B30-BE7A-5891E13E1FAA}.Release|x86.ActiveCfg = Release|Any CPU
		{AC7D979C-8698-4B30-BE7A-5891E13E1FAA}.Release|x86.Build.0 = Release|Any CPU
	EndGlobalSection
	GlobalSection(SolutionProperties) = preSolution
		HideSolutionNode = FALSE
	EndGlobalSection
	GlobalSection(ExtensibilityGlobals) = postSolution
		SolutionGuid = {0EE41F39-9BD8-4E97-9B5F-96A3F6FFD8C8}
	EndGlobalSection
EndGlobal
